
Microsoft Visual Studio Solution File, Format Version 12.00
# Visual Studio Version 16
VisualStudioVersion = 16.0.30225.117
MinimumVisualStudioVersion = 10.0.40219.1
Project("{FAE04EC0-301F-11D3-BF4B-00C04F79EFBC}") = "HIWIN_Robot", "HIWIN_Robot.csproj", "{95C2DDF6-1FD1-42AE-BF56-EF1391DA6D5D}"
EndProject
Project("{FAE04EC0-301F-11D3-BF4B-00C04F79EFBC}") = "HIWIN_Robot.UnitTests", "HIWIN_Robot.UnitTests\HIWIN_Robot.UnitTests.csproj", "{2B3DBA87-7BAC-4659-A609-8248A05CA2CB}"
EndProject
Global
	GlobalSection(SolutionConfigurationPlatforms) = preSolution
		Debug|Any CPU = Debug|Any CPU
		Debug|x64 = Debug|x64
		Release|Any CPU = Release|Any CPU
		Release|x64 = Release|x64
	EndGlobalSection
	GlobalSection(ProjectConfigurationPlatforms) = postSolution
		{95C2DDF6-1FD1-42AE-BF56-EF1391DA6D5D}.Debug|Any CPU.ActiveCfg = Debug|Any CPU
		{95C2DDF6-1FD1-42AE-BF56-EF1391DA6D5D}.Debug|Any CPU.Build.0 = Debug|Any CPU
		{95C2DDF6-1FD1-42AE-BF56-EF1391DA6D5D}.Debug|x64.ActiveCfg = Debug|x64
		{95C2DDF6-1FD1-42AE-BF56-EF1391DA6D5D}.Debug|x64.Build.0 = Debug|x64
		{95C2DDF6-1FD1-42AE-BF56-EF1391DA6D5D}.Release|Any CPU.ActiveCfg = Release|Any CPU
		{95C2DDF6-1FD1-42AE-BF56-EF1391DA6D5D}.Release|Any CPU.Build.0 = Release|Any CPU
		{95C2DDF6-1FD1-42AE-BF56-EF1391DA6D5D}.Release|x64.ActiveCfg = Release|x64
		{95C2DDF6-1FD1-42AE-BF56-EF1391DA6D5D}.Release|x64.Build.0 = Release|x64
		{2B3DBA87-7BAC-4659-A609-8248A05CA2CB}.Debug|Any CPU.ActiveCfg = Debug|Any CPU
		{2B3DBA87-7BAC-4659-A609-8248A05CA2CB}.Debug|Any CPU.Build.0 = Debug|Any CPU
		{2B3DBA87-7BAC-4659-A609-8248A05CA2CB}.Debug|x64.ActiveCfg = Debug|Any CPU
		{2B3DBA87-7BAC-4659-A609-8248A05CA2CB}.Debug|x64.Build.0 = Debug|Any CPU
		{2B3DBA87-7BAC-4659-A609-8248A05CA2CB}.Release|Any CPU.ActiveCfg = Release|Any CPU
		{2B3DBA87-7BAC-4659-A609-8248A05CA2CB}.Release|Any CPU.Build.0 = Release|Any CPU
		{2B3DBA87-7BAC-4659-A609-8248A05CA2CB}.Release|x64.ActiveCfg = Release|Any CPU
		{2B3DBA87-7BAC-4659-A609-8248A05CA2CB}.Release|x64.Build.0 = Release|Any CPU
	EndGlobalSection
	GlobalSection(SolutionProperties) = preSolution
		HideSolutionNode = FALSE
	EndGlobalSection
	GlobalSection(ExtensibilityGlobals) = postSolution
		SolutionGuid = {C17A93D2-B85D-454E-AA33-2048AFB918A6}
	EndGlobalSection
EndGlobal
